
Microsoft Visual Studio Solution File, Format Version 11.00
# Visual Studio 2010
Project("{8BC9CEB8-8B4A-11D0-8D11-00A0C91BC942}") = "ParameterConvert", "ParameterConvert\ParameterConvert.vcxproj", "{CD4B75B8-1DF1-48A6-BE27-7477E9949828}"
	ProjectSection(ProjectDependencies) = postProject
		{075DFEF4-3B38-4B88-B022-838047E4E0C5} = {075DFEF4-3B38-4B88-B022-838047E4E0C5}
	EndProjectSection
EndProject
Project("{8BC9CEB8-8B4A-11D0-8D11-00A0C91BC942}") = "BasicConvert", "..\BasicConvert\BasicConvert\BasicConvert.vcxproj", "{075DFEF4-3B38-4B88-B022-838047E4E0C5}"
EndProject
Global
	GlobalSection(SolutionConfigurationPlatforms) = preSolution
		Debug|Win32 = Debug|Win32
		Release|Win32 = Release|Win32
	EndGlobalSection
	GlobalSection(ProjectConfigurationPlatforms) = postSolution
		{CD4B75B8-1DF1-48A6-BE27-7477E9949828}.Debug|Win32.ActiveCfg = Debug|Win32
		{CD4B75B8-1DF1-48A6-BE27-7477E9949828}.Debug|Win32.Build.0 = Debug|Win32
		{CD4B75B8-1DF1-48A6-BE27-7477E9949828}.Release|Win32.ActiveCfg = Release|Win32
		{CD4B75B8-1DF1-48A6-BE27-7477E9949828}.Release|Win32.Build.0 = Release|Win32
		{075DFEF4-3B38-4B88-B022-838047E4E0C5}.Debug|Win32.ActiveCfg = Debug|Win32
		{075DFEF4-3B38-4B88-B022-838047E4E0C5}.Debug|Win32.Build.0 = Debug|Win32
		{075DFEF4-3B38-4B88-B022-838047E4E0C5}.Release|Win32.ActiveCfg = Release|Win32
		{075DFEF4-3B38-4B88-B022-838047E4E0C5}.Release|Win32.Build.0 = Release|Win32
	EndGlobalSection
	GlobalSection(SolutionProperties) = preSolution
		HideSolutionNode = FALSE
	EndGlobalSection
EndGlobal
